// !$*UTF8*$!
{
	archiveVersion = 1;
	classes = {
	};
	objectVersion = 55;
	objects = {

/* Begin PBXBuildFile section */
		624E5DD4291ECD7D006709A6 /* Game+CoreDataClass.swift in Sources */ = {isa = PBXBuildFile; fileRef = 624E5DD2291ECD7D006709A6 /* Game+CoreDataClass.swift */; };
		624E5DD5291ECD7D006709A6 /* Game+CoreDataProperties.swift in Sources */ = {isa = PBXBuildFile; fileRef = 624E5DD3291ECD7D006709A6 /* Game+CoreDataProperties.swift */; };
		624E5DD8291ECDA5006709A6 /* BingoTile+CoreDataClass.swift in Sources */ = {isa = PBXBuildFile; fileRef = 624E5DD6291ECDA5006709A6 /* BingoTile+CoreDataClass.swift */; };
		624E5DD9291ECDA5006709A6 /* BingoTile+CoreDataProperties.swift in Sources */ = {isa = PBXBuildFile; fileRef = 624E5DD7291ECDA5006709A6 /* BingoTile+CoreDataProperties.swift */; };
		6250CC9428E73EBB005BCD59 /* AppDelegate.swift in Sources */ = {isa = PBXBuildFile; fileRef = 6250CC9328E73EBB005BCD59 /* AppDelegate.swift */; };
		6250CC9628E73EBB005BCD59 /* SceneDelegate.swift in Sources */ = {isa = PBXBuildFile; fileRef = 6250CC9528E73EBB005BCD59 /* SceneDelegate.swift */; };
		6250CC9B28E73EBB005BCD59 /* Main.storyboard in Resources */ = {isa = PBXBuildFile; fileRef = 6250CC9928E73EBB005BCD59 /* Main.storyboard */; };
		6250CC9D28E73EBC005BCD59 /* Assets.xcassets in Resources */ = {isa = PBXBuildFile; fileRef = 6250CC9C28E73EBC005BCD59 /* Assets.xcassets */; };
		6250CCA028E73EBC005BCD59 /* LaunchScreen.storyboard in Resources */ = {isa = PBXBuildFile; fileRef = 6250CC9E28E73EBC005BCD59 /* LaunchScreen.storyboard */; };
		62A22AE029034889002C497D /* HomeViewController.swift in Sources */ = {isa = PBXBuildFile; fileRef = 62A22ADF29034889002C497D /* HomeViewController.swift */; };
		62A22AE2290348F2002C497D /* VillagerListViewController.swift in Sources */ = {isa = PBXBuildFile; fileRef = 62A22AE1290348F2002C497D /* VillagerListViewController.swift */; };
		62A22AEC29034A2B002C497D /* HomeCell.swift in Sources */ = {isa = PBXBuildFile; fileRef = 62A22AEB29034A2B002C497D /* HomeCell.swift */; };
		62A22AEE29034A40002C497D /* VillagerCell.swift in Sources */ = {isa = PBXBuildFile; fileRef = 62A22AED29034A40002C497D /* VillagerCell.swift */; };
		62A22AF229034F7D002C497D /* DetailViewController.swift in Sources */ = {isa = PBXBuildFile; fileRef = 62A22AF129034F7D002C497D /* DetailViewController.swift */; };
		62A22AF92903531D002C497D /* VillagerLists.xcdatamodeld in Sources */ = {isa = PBXBuildFile; fileRef = 62A22AF72903531D002C497D /* VillagerLists.xcdatamodeld */; };
		62A22B03290357BA002C497D /* CoreDataStack.swift in Sources */ = {isa = PBXBuildFile; fileRef = 62A22B02290357BA002C497D /* CoreDataStack.swift */; };
		62A22B06290357EA002C497D /* Villager.swift in Sources */ = {isa = PBXBuildFile; fileRef = 62A22B05290357EA002C497D /* Villager.swift */; };
		62B5A1D0291B185400C76A92 /* BingoCombos.swift in Sources */ = {isa = PBXBuildFile; fileRef = 62B5A1CF291B185400C76A92 /* BingoCombos.swift */; };
		62BBF3C4291968CF00190D5D /* BingoCell.swift in Sources */ = {isa = PBXBuildFile; fileRef = 62BBF3C3291968CF00190D5D /* BingoCell.swift */; };
		62BBF3C6291968EA00190D5D /* BingoViewController.swift in Sources */ = {isa = PBXBuildFile; fileRef = 62BBF3C5291968EA00190D5D /* BingoViewController.swift */; };
		62BBF3D12919707400190D5D /* Villager+CoreDataClass.swift in Sources */ = {isa = PBXBuildFile; fileRef = 62BBF3CD2919707400190D5D /* Villager+CoreDataClass.swift */; };
		62BBF3D22919707400190D5D /* Villager+CoreDataProperties.swift in Sources */ = {isa = PBXBuildFile; fileRef = 62BBF3CE2919707400190D5D /* Villager+CoreDataProperties.swift */; };
		62EB393A2915779700AC87FE /* List+CoreDataClass.swift in Sources */ = {isa = PBXBuildFile; fileRef = 62EB39382915779700AC87FE /* List+CoreDataClass.swift */; };
		62EB393B2915779700AC87FE /* List+CoreDataProperties.swift in Sources */ = {isa = PBXBuildFile; fileRef = 62EB39392915779700AC87FE /* List+CoreDataProperties.swift */; };
/* End PBXBuildFile section */

/* Begin PBXFileReference section */
		624E5DD2291ECD7D006709A6 /* Game+CoreDataClass.swift */ = {isa = PBXFileReference; lastKnownFileType = sourcecode.swift; path = "Game+CoreDataClass.swift"; sourceTree = "<group>"; };
		624E5DD3291ECD7D006709A6 /* Game+CoreDataProperties.swift */ = {isa = PBXFileReference; lastKnownFileType = sourcecode.swift; path = "Game+CoreDataProperties.swift"; sourceTree = "<group>"; };
		624E5DD6291ECDA5006709A6 /* BingoTile+CoreDataClass.swift */ = {isa = PBXFileReference; lastKnownFileType = sourcecode.swift; path = "BingoTile+CoreDataClass.swift"; sourceTree = "<group>"; };
		624E5DD7291ECDA5006709A6 /* BingoTile+CoreDataProperties.swift */ = {isa = PBXFileReference; lastKnownFileType = sourcecode.swift; path = "BingoTile+CoreDataProperties.swift"; sourceTree = "<group>"; };
		6250CC9028E73EBB005BCD59 /* Final_AMcCallum.app */ = {isa = PBXFileReference; explicitFileType = wrapper.application; includeInIndex = 0; path = Final_AMcCallum.app; sourceTree = BUILT_PRODUCTS_DIR; };
		6250CC9328E73EBB005BCD59 /* AppDelegate.swift */ = {isa = PBXFileReference; lastKnownFileType = sourcecode.swift; path = AppDelegate.swift; sourceTree = "<group>"; };
		6250CC9528E73EBB005BCD59 /* SceneDelegate.swift */ = {isa = PBXFileReference; lastKnownFileType = sourcecode.swift; path = SceneDelegate.swift; sourceTree = "<group>"; };
		6250CC9A28E73EBB005BCD59 /* Base */ = {isa = PBXFileReference; lastKnownFileType = file.storyboard; name = Base; path = Base.lproj/Main.storyboard; sourceTree = "<group>"; };
		6250CC9C28E73EBC005BCD59 /* Assets.xcassets */ = {isa = PBXFileReference; lastKnownFileType = folder.assetcatalog; path = Assets.xcassets; sourceTree = "<group>"; };
		6250CC9F28E73EBC005BCD59 /* Base */ = {isa = PBXFileReference; lastKnownFileType = file.storyboard; name = Base; path = Base.lproj/LaunchScreen.storyboard; sourceTree = "<group>"; };
		6250CCA128E73EBC005BCD59 /* Info.plist */ = {isa = PBXFileReference; lastKnownFileType = text.plist.xml; path = Info.plist; sourceTree = "<group>"; };
		62A22ADF29034889002C497D /* HomeViewController.swift */ = {isa = PBXFileReference; lastKnownFileType = sourcecode.swift; path = HomeViewController.swift; sourceTree = "<group>"; };
		62A22AE1290348F2002C497D /* VillagerListViewController.swift */ = {isa = PBXFileReference; lastKnownFileType = sourcecode.swift; path = VillagerListViewController.swift; sourceTree = "<group>"; };
		62A22AEB29034A2B002C497D /* HomeCell.swift */ = {isa = PBXFileReference; lastKnownFileType = sourcecode.swift; path = HomeCell.swift; sourceTree = "<group>"; };
		62A22AED29034A40002C497D /* VillagerCell.swift */ = {isa = PBXFileReference; lastKnownFileType = sourcecode.swift; path = VillagerCell.swift; sourceTree = "<group>"; };
		62A22AF129034F7D002C497D /* DetailViewController.swift */ = {isa = PBXFileReference; lastKnownFileType = sourcecode.swift; path = DetailViewController.swift; sourceTree = "<group>"; };
		62A22AF82903531D002C497D /* VillagerLists.xcdatamodel */ = {isa = PBXFileReference; lastKnownFileType = wrapper.xcdatamodel; path = VillagerLists.xcdatamodel; sourceTree = "<group>"; };
		62A22B02290357BA002C497D /* CoreDataStack.swift */ = {isa = PBXFileReference; fileEncoding = 4; lastKnownFileType = sourcecode.swift; path = CoreDataStack.swift; sourceTree = "<group>"; };
		62A22B05290357EA002C497D /* Villager.swift */ = {isa = PBXFileReference; lastKnownFileType = sourcecode.swift; path = Villager.swift; sourceTree = "<group>"; };
		62B5A1CF291B185400C76A92 /* BingoCombos.swift */ = {isa = PBXFileReference; lastKnownFileType = sourcecode.swift; path = BingoCombos.swift; sourceTree = "<group>"; };
		62BBF3C3291968CF00190D5D /* BingoCell.swift */ = {isa = PBXFileReference; lastKnownFileType = sourcecode.swift; path = BingoCell.swift; sourceTree = "<group>"; };
		62BBF3C5291968EA00190D5D /* BingoViewController.swift */ = {isa = PBXFileReference; lastKnownFileType = sourcecode.swift; path = BingoViewController.swift; sourceTree = "<group>"; };
		62BBF3CD2919707400190D5D /* Villager+CoreDataClass.swift */ = {isa = PBXFileReference; lastKnownFileType = sourcecode.swift; path = "Villager+CoreDataClass.swift"; sourceTree = "<group>"; };
		62BBF3CE2919707400190D5D /* Villager+CoreDataProperties.swift */ = {isa = PBXFileReference; lastKnownFileType = sourcecode.swift; path = "Villager+CoreDataProperties.swift"; sourceTree = "<group>"; };
		62EB39382915779700AC87FE /* List+CoreDataClass.swift */ = {isa = PBXFileReference; lastKnownFileType = sourcecode.swift; path = "List+CoreDataClass.swift"; sourceTree = "<group>"; };
		62EB39392915779700AC87FE /* List+CoreDataProperties.swift */ = {isa = PBXFileReference; lastKnownFileType = sourcecode.swift; path = "List+CoreDataProperties.swift"; sourceTree = "<group>"; };
/* End PBXFileReference section */

/* Begin PBXFrameworksBuildPhase section */
		6250CC8D28E73EBB005BCD59 /* Frameworks */ = {
			isa = PBXFrameworksBuildPhase;
			buildActionMask = 2147483647;
			files = (
			);
			runOnlyForDeploymentPostprocessing = 0;
		};
/* End PBXFrameworksBuildPhase section */

/* Begin PBXGroup section */
		6250CC8728E73EBB005BCD59 = {
			isa = PBXGroup;
			children = (
				6250CC9228E73EBB005BCD59 /* Final_AMcCallum */,
				6250CC9128E73EBB005BCD59 /* Products */,
			);
			sourceTree = "<group>";
		};
		6250CC9128E73EBB005BCD59 /* Products */ = {
			isa = PBXGroup;
			children = (
				6250CC9028E73EBB005BCD59 /* Final_AMcCallum.app */,
			);
			name = Products;
			sourceTree = "<group>";
		};
		6250CC9228E73EBB005BCD59 /* Final_AMcCallum */ = {
			isa = PBXGroup;
			children = (
				62A22B04290357DA002C497D /* Models */,
				62A22AF329035295002C497D /* CoreData */,
				62A22AEA29034A06002C497D /* Cells */,
				62A22AE929034978002C497D /* Storyboards */,
				62A22AE829034966002C497D /* Delegates */,
				62A22AE729034954002C497D /* ViewControllers */,
				6250CC9C28E73EBC005BCD59 /* Assets.xcassets */,
				6250CCA128E73EBC005BCD59 /* Info.plist */,
			);
			path = Final_AMcCallum;
			sourceTree = "<group>";
		};
		62A22AE729034954002C497D /* ViewControllers */ = {
			isa = PBXGroup;
			children = (
				62A22AF129034F7D002C497D /* DetailViewController.swift */,
				62A22ADF29034889002C497D /* HomeViewController.swift */,
				62A22AE1290348F2002C497D /* VillagerListViewController.swift */,
				62BBF3C5291968EA00190D5D /* BingoViewController.swift */,
			);
			path = ViewControllers;
			sourceTree = "<group>";
		};
		62A22AE829034966002C497D /* Delegates */ = {
			isa = PBXGroup;
			children = (
				6250CC9328E73EBB005BCD59 /* AppDelegate.swift */,
				6250CC9528E73EBB005BCD59 /* SceneDelegate.swift */,
			);
			path = Delegates;
			sourceTree = "<group>";
		};
		62A22AE929034978002C497D /* Storyboards */ = {
			isa = PBXGroup;
			children = (
				6250CC9928E73EBB005BCD59 /* Main.storyboard */,
				6250CC9E28E73EBC005BCD59 /* LaunchScreen.storyboard */,
			);
			path = Storyboards;
			sourceTree = "<group>";
		};
		62A22AEA29034A06002C497D /* Cells */ = {
			isa = PBXGroup;
			children = (
				62A22AEB29034A2B002C497D /* HomeCell.swift */,
				62A22AED29034A40002C497D /* VillagerCell.swift */,
				62BBF3C3291968CF00190D5D /* BingoCell.swift */,
			);
			path = Cells;
			sourceTree = "<group>";
		};
		62A22AF329035295002C497D /* CoreData */ = {
			isa = PBXGroup;
			children = (
				624E5DD6291ECDA5006709A6 /* BingoTile+CoreDataClass.swift */,
				624E5DD7291ECDA5006709A6 /* BingoTile+CoreDataProperties.swift */,
				624E5DD2291ECD7D006709A6 /* Game+CoreDataClass.swift */,
				624E5DD3291ECD7D006709A6 /* Game+CoreDataProperties.swift */,
				62BBF3CD2919707400190D5D /* Villager+CoreDataClass.swift */,
				62BBF3CE2919707400190D5D /* Villager+CoreDataProperties.swift */,
				62EB39382915779700AC87FE /* List+CoreDataClass.swift */,
				62EB39392915779700AC87FE /* List+CoreDataProperties.swift */,
				62A22B02290357BA002C497D /* CoreDataStack.swift */,
				62A22AF72903531D002C497D /* VillagerLists.xcdatamodeld */,
			);
			path = CoreData;
			sourceTree = "<group>";
		};
		62A22B04290357DA002C497D /* Models */ = {
			isa = PBXGroup;
			children = (
				62A22B05290357EA002C497D /* Villager.swift */,
				62B5A1CF291B185400C76A92 /* BingoCombos.swift */,
			);
			path = Models;
			sourceTree = "<group>";
		};
/* End PBXGroup section */

/* Begin PBXNativeTarget section */
		6250CC8F28E73EBB005BCD59 /* Final_AMcCallum */ = {
			isa = PBXNativeTarget;
			buildConfigurationList = 6250CCA428E73EBC005BCD59 /* Build configuration list for PBXNativeTarget "Final_AMcCallum" */;
			buildPhases = (
				6250CC8C28E73EBB005BCD59 /* Sources */,
				6250CC8D28E73EBB005BCD59 /* Frameworks */,
				6250CC8E28E73EBB005BCD59 /* Resources */,
			);
			buildRules = (
			);
			dependencies = (
			);
			name = Final_AMcCallum;
			productName = Final_AMcCallum;
			productReference = 6250CC9028E73EBB005BCD59 /* Final_AMcCallum.app */;
			productType = "com.apple.product-type.application";
		};
/* End PBXNativeTarget section */

/* Begin PBXProject section */
		6250CC8828E73EBB005BCD59 /* Project object */ = {
			isa = PBXProject;
			attributes = {
				BuildIndependentTargetsInParallel = 1;
				LastSwiftUpdateCheck = 1340;
				LastUpgradeCheck = 1340;
				TargetAttributes = {
					6250CC8F28E73EBB005BCD59 = {
						CreatedOnToolsVersion = 13.4.1;
					};
				};
			};
			buildConfigurationList = 6250CC8B28E73EBB005BCD59 /* Build configuration list for PBXProject "Final_AMcCallum" */;
			compatibilityVersion = "Xcode 13.0";
			developmentRegion = en;
			hasScannedForEncodings = 0;
			knownRegions = (
				en,
				Base,
			);
			mainGroup = 6250CC8728E73EBB005BCD59;
			packageReferences = (
			);
			productRefGroup = 6250CC9128E73EBB005BCD59 /* Products */;
			projectDirPath = "";
			projectRoot = "";
			targets = (
				6250CC8F28E73EBB005BCD59 /* Final_AMcCallum */,
			);
		};
/* End PBXProject section */

/* Begin PBXResourcesBuildPhase section */
		6250CC8E28E73EBB005BCD59 /* Resources */ = {
			isa = PBXResourcesBuildPhase;
			buildActionMask = 2147483647;
			files = (
				6250CCA028E73EBC005BCD59 /* LaunchScreen.storyboard in Resources */,
				6250CC9D28E73EBC005BCD59 /* Assets.xcassets in Resources */,
				6250CC9B28E73EBB005BCD59 /* Main.storyboard in Resources */,
			);
			runOnlyForDeploymentPostprocessing = 0;
		};
/* End PBXResourcesBuildPhase section */

/* Begin PBXSourcesBuildPhase section */
		6250CC8C28E73EBB005BCD59 /* Sources */ = {
			isa = PBXSourcesBuildPhase;
			buildActionMask = 2147483647;
			files = (
				62BBF3C6291968EA00190D5D /* BingoViewController.swift in Sources */,
				624E5DD8291ECDA5006709A6 /* BingoTile+CoreDataClass.swift in Sources */,
				62A22B03290357BA002C497D /* CoreDataStack.swift in Sources */,
				624E5DD4291ECD7D006709A6 /* Game+CoreDataClass.swift in Sources */,
				62A22AF229034F7D002C497D /* DetailViewController.swift in Sources */,
				62A22AE2290348F2002C497D /* VillagerListViewController.swift in Sources */,
				62A22AEC29034A2B002C497D /* HomeCell.swift in Sources */,
				62A22AF92903531D002C497D /* VillagerLists.xcdatamodeld in Sources */,
				62B5A1D0291B185400C76A92 /* BingoCombos.swift in Sources */,
				62EB393A2915779700AC87FE /* List+CoreDataClass.swift in Sources */,
				6250CC9428E73EBB005BCD59 /* AppDelegate.swift in Sources */,
				624E5DD9291ECDA5006709A6 /* BingoTile+CoreDataProperties.swift in Sources */,
				62BBF3D12919707400190D5D /* Villager+CoreDataClass.swift in Sources */,
				62A22AEE29034A40002C497D /* VillagerCell.swift in Sources */,
				62BBF3D22919707400190D5D /* Villager+CoreDataProperties.swift in Sources */,
				6250CC9628E73EBB005BCD59 /* SceneDelegate.swift in Sources */,
				62A22AE029034889002C497D /* HomeViewController.swift in Sources */,
				62BBF3C4291968CF00190D5D /* BingoCell.swift in Sources */,
				624E5DD5291ECD7D006709A6 /* Game+CoreDataProperties.swift in Sources */,
				62A22B06290357EA002C497D /* Villager.swift in Sources */,
				62EB393B2915779700AC87FE /* List+CoreDataProperties.swift in Sources */,
			);
			runOnlyForDeploymentPostprocessing = 0;
		};
/* End PBXSourcesBuildPhase section */

/* Begin PBXVariantGroup section */
		6250CC9928E73EBB005BCD59 /* Main.storyboard */ = {
			isa = PBXVariantGroup;
			children = (
				6250CC9A28E73EBB005BCD59 /* Base */,
			);
			name = Main.storyboard;
			sourceTree = "<group>";
		};
		6250CC9E28E73EBC005BCD59 /* LaunchScreen.storyboard */ = {
			isa = PBXVariantGroup;
			children = (
				6250CC9F28E73EBC005BCD59 /* Base */,
			);
			name = LaunchScreen.storyboard;
			sourceTree = "<group>";
		};
/* End PBXVariantGroup section */

/* Begin XCBuildConfiguration section */
		6250CCA228E73EBC005BCD59 /* Debug */ = {
			isa = XCBuildConfiguration;
			buildSettings = {
				ALWAYS_SEARCH_USER_PATHS = NO;
				CLANG_ANALYZER_NONNULL = YES;
				CLANG_ANALYZER_NUMBER_OBJECT_CONVERSION = YES_AGGRESSIVE;
				CLANG_CXX_LANGUAGE_STANDARD = "gnu++17";
				CLANG_ENABLE_MODULES = YES;
				CLANG_ENABLE_OBJC_ARC = YES;
				CLANG_ENABLE_OBJC_WEAK = YES;
				CLANG_WARN_BLOCK_CAPTURE_AUTORELEASING = YES;
				CLANG_WARN_BOOL_CONVERSION = YES;
				CLANG_WARN_COMMA = YES;
				CLANG_WARN_CONSTANT_CONVERSION = YES;
				CLANG_WARN_DEPRECATED_OBJC_IMPLEMENTATIONS = YES;
				CLANG_WARN_DIRECT_OBJC_ISA_USAGE = YES_ERROR;
				CLANG_WARN_DOCUMENTATION_COMMENTS = YES;
				CLANG_WARN_EMPTY_BODY = YES;
				CLANG_WARN_ENUM_CONVERSION = YES;
				CLANG_WARN_INFINITE_RECURSION = YES;
				CLANG_WARN_INT_CONVERSION = YES;
				CLANG_WARN_NON_LITERAL_NULL_CONVERSION = YES;
				CLANG_WARN_OBJC_IMPLICIT_RETAIN_SELF = YES;
				CLANG_WARN_OBJC_LITERAL_CONVERSION = YES;
				CLANG_WARN_OBJC_ROOT_CLASS = YES_ERROR;
				CLANG_WARN_QUOTED_INCLUDE_IN_FRAMEWORK_HEADER = YES;
				CLANG_WARN_RANGE_LOOP_ANALYSIS = YES;
				CLANG_WARN_STRICT_PROTOTYPES = YES;
				CLANG_WARN_SUSPICIOUS_MOVE = YES;
				CLANG_WARN_UNGUARDED_AVAILABILITY = YES_AGGRESSIVE;
				CLANG_WARN_UNREACHABLE_CODE = YES;
				CLANG_WARN__DUPLICATE_METHOD_MATCH = YES;
				COPY_PHASE_STRIP = NO;
				DEBUG_INFORMATION_FORMAT = dwarf;
				ENABLE_STRICT_OBJC_MSGSEND = YES;
				ENABLE_TESTABILITY = YES;
				GCC_C_LANGUAGE_STANDARD = gnu11;
				GCC_DYNAMIC_NO_PIC = NO;
				GCC_NO_COMMON_BLOCKS = YES;
				GCC_OPTIMIZATION_LEVEL = 0;
				GCC_PREPROCESSOR_DEFINITIONS = (
					"DEBUG=1",
					"$(inherited)",
				);
				GCC_WARN_64_TO_32_BIT_CONVERSION = YES;
				GCC_WARN_ABOUT_RETURN_TYPE = YES_ERROR;
				GCC_WARN_UNDECLARED_SELECTOR = YES;
				GCC_WARN_UNINITIALIZED_AUTOS = YES_AGGRESSIVE;
				GCC_WARN_UNUSED_FUNCTION = YES;
				GCC_WARN_UNUSED_VARIABLE = YES;
				IPHONEOS_DEPLOYMENT_TARGET = 15.5;
				MTL_ENABLE_DEBUG_INFO = INCLUDE_SOURCE;
				MTL_FAST_MATH = YES;
				ONLY_ACTIVE_ARCH = YES;
				SDKROOT = iphoneos;
				SWIFT_ACTIVE_COMPILATION_CONDITIONS = DEBUG;
				SWIFT_OPTIMIZATION_LEVEL = "-Onone";
			};
			name = Debug;
		};
		6250CCA328E73EBC005BCD59 /* Release */ = {
			isa = XCBuildConfiguration;
			buildSettings = {
				ALWAYS_SEARCH_USER_PATHS = NO;
				CLANG_ANALYZER_NONNULL = YES;
				CLANG_ANALYZER_NUMBER_OBJECT_CONVERSION = YES_AGGRESSIVE;
				CLANG_CXX_LANGUAGE_STANDARD = "gnu++17";
				CLANG_ENABLE_MODULES = YES;
				CLANG_ENABLE_OBJC_ARC = YES;
				CLANG_ENABLE_OBJC_WEAK = YES;
				CLANG_WARN_BLOCK_CAPTURE_AUTORELEASING = YES;
				CLANG_WARN_BOOL_CONVERSION = YES;
				CLANG_WARN_COMMA = YES;
				CLANG_WARN_CONSTANT_CONVERSION = YES;
				CLANG_WARN_DEPRECATED_OBJC_IMPLEMENTATIONS = YES;
				CLANG_WARN_DIRECT_OBJC_ISA_USAGE = YES_ERROR;
				CLANG_WARN_DOCUMENTATION_COMMENTS = YES;
				CLANG_WARN_EMPTY_BODY = YES;
				CLANG_WARN_ENUM_CONVERSION = YES;
				CLANG_WARN_INFINITE_RECURSION = YES;
				CLANG_WARN_INT_CONVERSION = YES;
				CLANG_WARN_NON_LITERAL_NULL_CONVERSION = YES;
				CLANG_WARN_OBJC_IMPLICIT_RETAIN_SELF = YES;
				CLANG_WARN_OBJC_LITERAL_CONVERSION = YES;
				CLANG_WARN_OBJC_ROOT_CLASS = YES_ERROR;
				CLANG_WARN_QUOTED_INCLUDE_IN_FRAMEWORK_HEADER = YES;
				CLANG_WARN_RANGE_LOOP_ANALYSIS = YES;
				CLANG_WARN_STRICT_PROTOTYPES = YES;
				CLANG_WARN_SUSPICIOUS_MOVE = YES;
				CLANG_WARN_UNGUARDED_AVAILABILITY = YES_AGGRESSIVE;
				CLANG_WARN_UNREACHABLE_CODE = YES;
				CLANG_WARN__DUPLICATE_METHOD_MATCH = YES;
				COPY_PHASE_STRIP = NO;
				DEBUG_INFORMATION_FORMAT = "dwarf-with-dsym";
				ENABLE_NS_ASSERTIONS = NO;
				ENABLE_STRICT_OBJC_MSGSEND = YES;
				GCC_C_LANGUAGE_STANDARD = gnu11;
				GCC_NO_COMMON_BLOCKS = YES;
				GCC_WARN_64_TO_32_BIT_CONVERSION = YES;
				GCC_WARN_ABOUT_RETURN_TYPE = YES_ERROR;
				GCC_WARN_UNDECLARED_SELECTOR = YES;
				GCC_WARN_UNINITIALIZED_AUTOS = YES_AGGRESSIVE;
				GCC_WARN_UNUSED_FUNCTION = YES;
				GCC_WARN_UNUSED_VARIABLE = YES;
				IPHONEOS_DEPLOYMENT_TARGET = 15.5;
				MTL_ENABLE_DEBUG_INFO = NO;
				MTL_FAST_MATH = YES;
				SDKROOT = iphoneos;
				SWIFT_COMPILATION_MODE = wholemodule;
				SWIFT_OPTIMIZATION_LEVEL = "-O";
				VALIDATE_PRODUCT = YES;
			};
			name = Release;
		};
		6250CCA528E73EBC005BCD59 /* Debug */ = {
			isa = XCBuildConfiguration;
			buildSettings = {
				ASSETCATALOG_COMPILER_APPICON_NAME = AppIcon;
				ASSETCATALOG_COMPILER_GLOBAL_ACCENT_COLOR_NAME = AccentColor;
				CODE_SIGN_STYLE = Automatic;
				CURRENT_PROJECT_VERSION = 1;
				GENERATE_INFOPLIST_FILE = YES;
				INFOPLIST_FILE = Final_AMcCallum/Info.plist;
				INFOPLIST_KEY_UIApplicationSupportsIndirectInputEvents = YES;
				INFOPLIST_KEY_UILaunchStoryboardName = LaunchScreen;
				INFOPLIST_KEY_UIMainStoryboardFile = Main;
				INFOPLIST_KEY_UISupportedInterfaceOrientations_iPad = "UIInterfaceOrientationPortrait UIInterfaceOrientationPortraitUpsideDown UIInterfaceOrientationLandscapeLeft UIInterfaceOrientationLandscapeRight";
				INFOPLIST_KEY_UISupportedInterfaceOrientations_iPhone = "UIInterfaceOrientationPortrait UIInterfaceOrientationLandscapeLeft UIInterfaceOrientationLandscapeRight";
				LD_RUNPATH_SEARCH_PATHS = (
					"$(inherited)",
					"@executable_path/Frameworks",
				);
				MARKETING_VERSION = 1.0;
				PRODUCT_BUNDLE_IDENTIFIER = "w0765596-myscc.ca.Final-AMcCallum";
				PRODUCT_NAME = "$(TARGET_NAME)";
				SWIFT_EMIT_LOC_STRINGS = YES;
				SWIFT_VERSION = 5.0;
				TARGETED_DEVICE_FAMILY = "1,2";
			};
			name = Debug;
		};
		6250CCA628E73EBC005BCD59 /* Release */ = {
			isa = XCBuildConfiguration;
			buildSettings = {
				ASSETCATALOG_COMPILER_APPICON_NAME = AppIcon;
				ASSETCATALOG_COMPILER_GLOBAL_ACCENT_COLOR_NAME = AccentColor;
				CODE_SIGN_STYLE = Automatic;
				CURRENT_PROJECT_VERSION = 1;
				GENERATE_INFOPLIST_FILE = YES;
				INFOPLIST_FILE = Final_AMcCallum/Info.plist;
				INFOPLIST_KEY_UIApplicationSupportsIndirectInputEvents = YES;
				INFOPLIST_KEY_UILaunchStoryboardName = LaunchScreen;
				INFOPLIST_KEY_UIMainStoryboardFile = Main;
				INFOPLIST_KEY_UISupportedInterfaceOrientations_iPad = "UIInterfaceOrientationPortrait UIInterfaceOrientationPortraitUpsideDown UIInterfaceOrientationLandscapeLeft UIInterfaceOrientationLandscapeRight";
				INFOPLIST_KEY_UISupportedInterfaceOrientations_iPhone = "UIInterfaceOrientationPortrait UIInterfaceOrientationLandscapeLeft UIInterfaceOrientationLandscapeRight";
				LD_RUNPATH_SEARCH_PATHS = (
					"$(inherited)",
					"@executable_path/Frameworks",
				);
				MARKETING_VERSION = 1.0;
				PRODUCT_BUNDLE_IDENTIFIER = "w0765596-myscc.ca.Final-AMcCallum";
				PRODUCT_NAME = "$(TARGET_NAME)";
				SWIFT_EMIT_LOC_STRINGS = YES;
				SWIFT_VERSION = 5.0;
				TARGETED_DEVICE_FAMILY = "1,2";
			};
			name = Release;
		};
/* End XCBuildConfiguration section */

/* Begin XCConfigurationList section */
		6250CC8B28E73EBB005BCD59 /* Build configuration list for PBXProject "Final_AMcCallum" */ = {
			isa = XCConfigurationList;
			buildConfigurations = (
				6250CCA228E73EBC005BCD59 /* Debug */,
				6250CCA328E73EBC005BCD59 /* Release */,
			);
			defaultConfigurationIsVisible = 0;
			defaultConfigurationName = Release;
		};
		6250CCA428E73EBC005BCD59 /* Build configuration list for PBXNativeTarget "Final_AMcCallum" */ = {
			isa = XCConfigurationList;
			buildConfigurations = (
				6250CCA528E73EBC005BCD59 /* Debug */,
				6250CCA628E73EBC005BCD59 /* Release */,
			);
			defaultConfigurationIsVisible = 0;
			defaultConfigurationName = Release;
		};
/* End XCConfigurationList section */

/* Begin XCVersionGroup section */
		62A22AF72903531D002C497D /* VillagerLists.xcdatamodeld */ = {
			isa = XCVersionGroup;
			children = (
				62A22AF82903531D002C497D /* VillagerLists.xcdatamodel */,
			);
			currentVersion = 62A22AF82903531D002C497D /* VillagerLists.xcdatamodel */;
			path = VillagerLists.xcdatamodeld;
			sourceTree = "<group>";
			versionGroupType = wrapper.xcdatamodel;
		};
/* End XCVersionGroup section */
	};
	rootObject = 6250CC8828E73EBB005BCD59 /* Project object */;
}
